
Microsoft Visual Studio Solution File, Format Version 12.00
# Visual Studio 14
VisualStudioVersion = 14.0.25420.1
MinimumVisualStudioVersion = 10.0.40219.1
Project("{FAE04EC0-301F-11D3-BF4B-00C04F79EFBC}") = "Ex1_Main", "Ex1_Main\Ex1_Main.csproj", "{5C4D2562-91D3-41B0-A443-308F90C923F8}"
EndProject
Project("{FAE04EC0-301F-11D3-BF4B-00C04F79EFBC}") = "Ex2_Version", "Ex2_Version\Ex2_Version.csproj", "{67794CD9-03FC-4D1A-AF94-876320FA2A0D}"
EndProject
Project("{FAE04EC0-301F-11D3-BF4B-00C04F79EFBC}") = "Ex3_Grammer", "Ex3_Grammer\Ex3_Grammer.csproj", "{A1E80328-137B-42DE-B47E-3B6D5B26A55B}"
EndProject
Global
	GlobalSection(SolutionConfigurationPlatforms) = preSolution
		Debug|Any CPU = Debug|Any CPU
		Release|Any CPU = Release|Any CPU
	EndGlobalSection
	GlobalSection(ProjectConfigurationPlatforms) = postSolution
		{5C4D2562-91D3-41B0-A443-308F90C923F8}.Debug|Any CPU.ActiveCfg = Debug|Any CPU
		{5C4D2562-91D3-41B0-A443-308F90C923F8}.Debug|Any CPU.Build.0 = Debug|Any CPU
		{5C4D2562-91D3-41B0-A443-308F90C923F8}.Release|Any CPU.ActiveCfg = Release|Any CPU
		{5C4D2562-91D3-41B0-A443-308F90C923F8}.Release|Any CPU.Build.0 = Release|Any CPU
		{67794CD9-03FC-4D1A-AF94-876320FA2A0D}.Debug|Any CPU.ActiveCfg = Debug|Any CPU
		{67794CD9-03FC-4D1A-AF94-876320FA2A0D}.Debug|Any CPU.Build.0 = Debug|Any CPU
		{67794CD9-03FC-4D1A-AF94-876320FA2A0D}.Release|Any CPU.ActiveCfg = Release|Any CPU
		{67794CD9-03FC-4D1A-AF94-876320FA2A0D}.Release|Any CPU.Build.0 = Release|Any CPU
		{A1E80328-137B-42DE-B47E-3B6D5B26A55B}.Debug|Any CPU.ActiveCfg = Debug|Any CPU
		{A1E80328-137B-42DE-B47E-3B6D5B26A55B}.Debug|Any CPU.Build.0 = Debug|Any CPU
		{A1E80328-137B-42DE-B47E-3B6D5B26A55B}.Release|Any CPU.ActiveCfg = Release|Any CPU
		{A1E80328-137B-42DE-B47E-3B6D5B26A55B}.Release|Any CPU.Build.0 = Release|Any CPU
	EndGlobalSection
	GlobalSection(SolutionProperties) = preSolution
		HideSolutionNode = FALSE
	EndGlobalSection
EndGlobal
